
Microsoft Visual Studio Solution File, Format Version 12.00
# Visual Studio 15
VisualStudioVersion = 15.0.26228.4
MinimumVisualStudioVersion = 10.0.40219.1
Project("{FAE04EC0-301F-11D3-BF4B-00C04F79EFBC}") = "GreenGoblin.WindowsForm", "GreenGoblin.WindowsForm\GreenGoblin.WindowsForm.csproj", "{CE9D20DD-D668-4EB2-A469-5CA523131EB5}"
EndProject
Project("{FAE04EC0-301F-11D3-BF4B-00C04F79EFBC}") = "GreenGoblin.Repository", "GreenGoblin.Repository\GreenGoblin.Repository.csproj", "{4D8C0D96-5ADF-493D-8816-D3BCD4B873C9}"
EndProject
Project("{FAE04EC0-301F-11D3-BF4B-00C04F79EFBC}") = "GreenGoblin.WPF", "GreenGoblin.WPF\GreenGoblin.WPF.csproj", "{A456EEF0-3B0B-4042-BDBB-85F72FF4F442}"
EndProject
Project("{FAE04EC0-301F-11D3-BF4B-00C04F79EFBC}") = "GreenGoblin.WindowsFormApplication", "GreenGoblin.Application\GreenGoblin.WindowsFormApplication.csproj", "{9F3A7378-3EEB-4283-95A8-E97C203132A1}"
EndProject
Global
	GlobalSection(SolutionConfigurationPlatforms) = preSolution
		Debug|Any CPU = Debug|Any CPU
		Release|Any CPU = Release|Any CPU
	EndGlobalSection
	GlobalSection(ProjectConfigurationPlatforms) = postSolution
		{CE9D20DD-D668-4EB2-A469-5CA523131EB5}.Debug|Any CPU.ActiveCfg = Debug|Any CPU
		{CE9D20DD-D668-4EB2-A469-5CA523131EB5}.Debug|Any CPU.Build.0 = Debug|Any CPU
		{CE9D20DD-D668-4EB2-A469-5CA523131EB5}.Release|Any CPU.ActiveCfg = Release|Any CPU
		{CE9D20DD-D668-4EB2-A469-5CA523131EB5}.Release|Any CPU.Build.0 = Release|Any CPU
		{4D8C0D96-5ADF-493D-8816-D3BCD4B873C9}.Debug|Any CPU.ActiveCfg = Debug|Any CPU
		{4D8C0D96-5ADF-493D-8816-D3BCD4B873C9}.Debug|Any CPU.Build.0 = Debug|Any CPU
		{4D8C0D96-5ADF-493D-8816-D3BCD4B873C9}.Release|Any CPU.ActiveCfg = Release|Any CPU
		{4D8C0D96-5ADF-493D-8816-D3BCD4B873C9}.Release|Any CPU.Build.0 = Release|Any CPU
		{A456EEF0-3B0B-4042-BDBB-85F72FF4F442}.Debug|Any CPU.ActiveCfg = Debug|Any CPU
		{A456EEF0-3B0B-4042-BDBB-85F72FF4F442}.Debug|Any CPU.Build.0 = Debug|Any CPU
		{A456EEF0-3B0B-4042-BDBB-85F72FF4F442}.Release|Any CPU.ActiveCfg = Release|Any CPU
		{A456EEF0-3B0B-4042-BDBB-85F72FF4F442}.Release|Any CPU.Build.0 = Release|Any CPU
		{9F3A7378-3EEB-4283-95A8-E97C203132A1}.Debug|Any CPU.ActiveCfg = Debug|Any CPU
		{9F3A7378-3EEB-4283-95A8-E97C203132A1}.Debug|Any CPU.Build.0 = Debug|Any CPU
		{9F3A7378-3EEB-4283-95A8-E97C203132A1}.Release|Any CPU.ActiveCfg = Release|Any CPU
		{9F3A7378-3EEB-4283-95A8-E97C203132A1}.Release|Any CPU.Build.0 = Release|Any CPU
	EndGlobalSection
	GlobalSection(SolutionProperties) = preSolution
		HideSolutionNode = FALSE
	EndGlobalSection
	GlobalSection(ExtensibilityGlobals) = postSolution
		SolutionGuid = {AE6397FE-102E-45C7-A61D-45327103F9D6}
	EndGlobalSection
EndGlobal
